
Microsoft Visual Studio Solution File, Format Version 12.00
# Visual Studio Version 17
VisualStudioVersion = 17.11.35312.102
MinimumVisualStudioVersion = 10.0.40219.1
Project("{FAE04EC0-301F-11D3-BF4B-00C04F79EFBC}") = "CashierApplication", "CashierApplication\CashierApplication.csproj", "{513132CC-A192-482F-8D04-E39A9C9509EA}"
EndProject
Global
	GlobalSection(SolutionConfigurationPlatforms) = preSolution
		Debug|Any CPU = Debug|Any CPU
		Release|Any CPU = Release|Any CPU
	EndGlobalSection
	GlobalSection(ProjectConfigurationPlatforms) = postSolution
		{513132CC-A192-482F-8D04-E39A9C9509EA}.Debug|Any CPU.ActiveCfg = Debug|Any CPU
		{513132CC-A192-482F-8D04-E39A9C9509EA}.Debug|Any CPU.Build.0 = Debug|Any CPU
		{513132CC-A192-482F-8D04-E39A9C9509EA}.Release|Any CPU.ActiveCfg = Release|Any CPU
		{513132CC-A192-482F-8D04-E39A9C9509EA}.Release|Any CPU.Build.0 = Release|Any CPU
	EndGlobalSection
	GlobalSection(SolutionProperties) = preSolution
		HideSolutionNode = FALSE
	EndGlobalSection
	GlobalSection(ExtensibilityGlobals) = postSolution
		SolutionGuid = {BF80CB3B-EF13-4C17-902A-34DDB8DEBB94}
	EndGlobalSection
EndGlobal
