
Microsoft Visual Studio Solution File, Format Version 12.00
# Visual Studio Version 17
VisualStudioVersion = 17.11.35312.102
MinimumVisualStudioVersion = 10.0.40219.1
Project("{FAE04EC0-301F-11D3-BF4B-00C04F79EFBC}") = "CashierApp", "CashierApp\CashierApp.csproj", "{336D3403-A9F6-40C4-9B45-81AC36F71C26}"
EndProject
Global
	GlobalSection(SolutionConfigurationPlatforms) = preSolution
		Debug|Any CPU = Debug|Any CPU
		Release|Any CPU = Release|Any CPU
	EndGlobalSection
	GlobalSection(ProjectConfigurationPlatforms) = postSolution
		{336D3403-A9F6-40C4-9B45-81AC36F71C26}.Debug|Any CPU.ActiveCfg = Debug|Any CPU
		{336D3403-A9F6-40C4-9B45-81AC36F71C26}.Debug|Any CPU.Build.0 = Debug|Any CPU
		{336D3403-A9F6-40C4-9B45-81AC36F71C26}.Release|Any CPU.ActiveCfg = Release|Any CPU
		{336D3403-A9F6-40C4-9B45-81AC36F71C26}.Release|Any CPU.Build.0 = Release|Any CPU
	EndGlobalSection
	GlobalSection(SolutionProperties) = preSolution
		HideSolutionNode = FALSE
	EndGlobalSection
	GlobalSection(ExtensibilityGlobals) = postSolution
		SolutionGuid = {8E98A71F-898F-4107-A34F-6C9107F34462}
	EndGlobalSection
EndGlobal
